{
  "name": "@odyseusz426/claude-migrate",
  "version": "2.3.1",
  "lockfileVersion": 3,
  "requires": true,
  "packages": {
    "": {
      "name": "@odyseusz426/claude-migrate",
      "version": "2.3.1",
      "license": "MIT",
      "bin": {
        "claude-migrate": "bin/cli.js"
      }
    }
  }
}
